// !$*UTF8*$!
{
	archiveVersion = 1;
	classes = {
	};
	objectVersion = 50;
	objects = {

/* Begin PBXBuildFile section */
		E41F6D0A213D38B000F19258 /* Interface.storyboard in Resources */ = {isa = PBXBuildFile; fileRef = E41F6D08213D38B000F19258 /* Interface.storyboard */; };
		E41F6D0C213D38B000F19258 /* Assets.xcassets in Resources */ = {isa = PBXBuildFile; fileRef = E41F6D0B213D38B000F19258 /* Assets.xcassets */; };
		E41F6D13213D38B000F19258 /* WatchApp Extension.appex in Embed App Extensions */ = {isa = PBXBuildFile; fileRef = E41F6D12213D38B000F19258 /* WatchApp Extension.appex */; settings = {ATTRIBUTES = (RemoveHeadersOnCopy, ); }; };
		E41F6D18213D38B100F19258 /* InterfaceController.swift in Sources */ = {isa = PBXBuildFile; fileRef = E41F6D17213D38B100F19258 /* InterfaceController.swift */; };
		E41F6D1A213D38B100F19258 /* ExtensionDelegate.swift in Sources */ = {isa = PBXBuildFile; fileRef = E41F6D19213D38B100F19258 /* ExtensionDelegate.swift */; };
		E41F6D1C213D38B100F19258 /* NotificationController.swift in Sources */ = {isa = PBXBuildFile; fileRef = E41F6D1B213D38B100F19258 /* NotificationController.swift */; };
		E41F6D1E213D38B100F19258 /* Assets.xcassets in Resources */ = {isa = PBXBuildFile; fileRef = E41F6D1D213D38B100F19258 /* Assets.xcassets */; };
		E41F6D23213D38B100F19258 /* WatchApp.app in Embed Watch Content */ = {isa = PBXBuildFile; fileRef = E41F6D06213D38B000F19258 /* WatchApp.app */; };
		E43F2D47213D1E7400B73BF1 /* AppDelegate.swift in Sources */ = {isa = PBXBuildFile; fileRef = E43F2D46213D1E7400B73BF1 /* AppDelegate.swift */; };
		E43F2D49213D1E7400B73BF1 /* ViewController.swift in Sources */ = {isa = PBXBuildFile; fileRef = E43F2D48213D1E7400B73BF1 /* ViewController.swift */; };
		E43F2D4C213D1E7400B73BF1 /* Main.storyboard in Resources */ = {isa = PBXBuildFile; fileRef = E43F2D4A213D1E7400B73BF1 /* Main.storyboard */; };
		E43F2D4E213D1E7500B73BF1 /* Assets.xcassets in Resources */ = {isa = PBXBuildFile; fileRef = E43F2D4D213D1E7500B73BF1 /* Assets.xcassets */; };
		E43F2D51213D1E7500B73BF1 /* LaunchScreen.storyboard in Resources */ = {isa = PBXBuildFile; fileRef = E43F2D4F213D1E7500B73BF1 /* LaunchScreen.storyboard */; };
		E43F2D5C213D1E7500B73BF1 /* DifferenceKitArchiveTests.swift in Sources */ = {isa = PBXBuildFile; fileRef = E43F2D5B213D1E7500B73BF1 /* DifferenceKitArchiveTests.swift */; };
		E43F2D67213D1E7500B73BF1 /* DifferenceKitArchiveUITests.swift in Sources */ = {isa = PBXBuildFile; fileRef = E43F2D66213D1E7500B73BF1 /* DifferenceKitArchiveUITests.swift */; };
		E43F2D81213D1F0B00B73BF1 /* DifferenceKit.framework in Frameworks */ = {isa = PBXBuildFile; fileRef = E43F2D7A213D1ECD00B73BF1 /* DifferenceKit.framework */; };
		E43F2D82213D1F3700B73BF1 /* DifferenceKit.framework in Frameworks */ = {isa = PBXBuildFile; fileRef = E43F2D7A213D1ECD00B73BF1 /* DifferenceKit.framework */; };
		E43F2D83213D1F3700B73BF1 /* DifferenceKit.framework in Embed Frameworks */ = {isa = PBXBuildFile; fileRef = E43F2D7A213D1ECD00B73BF1 /* DifferenceKit.framework */; settings = {ATTRIBUTES = (CodeSignOnCopy, RemoveHeadersOnCopy, ); }; };
/* End PBXBuildFile section */

/* Begin PBXContainerItemProxy section */
		E41F6D14213D38B000F19258 /* PBXContainerItemProxy */ = {
			isa = PBXContainerItemProxy;
			containerPortal = E43F2D3B213D1E7400B73BF1 /* Project object */;
			proxyType = 1;
			remoteGlobalIDString = E41F6D11213D38B000F19258;
			remoteInfo = "WatchApp Extension";
		};
		E41F6D21213D38B100F19258 /* PBXContainerItemProxy */ = {
			isa = PBXContainerItemProxy;
			containerPortal = E43F2D3B213D1E7400B73BF1 /* Project object */;
			proxyType = 1;
			remoteGlobalIDString = E41F6D05213D38AF00F19258;
			remoteInfo = WatchApp;
		};
		E43F2D58213D1E7500B73BF1 /* PBXContainerItemProxy */ = {
			isa = PBXContainerItemProxy;
			containerPortal = E43F2D3B213D1E7400B73BF1 /* Project object */;
			proxyType = 1;
			remoteGlobalIDString = E43F2D42213D1E7400B73BF1;
			remoteInfo = DifferenceKitArchive;
		};
		E43F2D63213D1E7500B73BF1 /* PBXContainerItemProxy */ = {
			isa = PBXContainerItemProxy;
			containerPortal = E43F2D3B213D1E7400B73BF1 /* Project object */;
			proxyType = 1;
			remoteGlobalIDString = E43F2D42213D1E7400B73BF1;
			remoteInfo = DifferenceKitArchive;
		};
		E43F2D79213D1ECD00B73BF1 /* PBXContainerItemProxy */ = {
			isa = PBXContainerItemProxy;
			containerPortal = E43F2D74213D1ECD00B73BF1 /* DifferenceKit.xcodeproj */;
			proxyType = 2;
			remoteGlobalIDString = 6B2DF86E210E2C12004D2D40;
			remoteInfo = DifferenceKit;
		};
		E43F2D7B213D1ECD00B73BF1 /* PBXContainerItemProxy */ = {
			isa = PBXContainerItemProxy;
			containerPortal = E43F2D74213D1ECD00B73BF1 /* DifferenceKit.xcodeproj */;
			proxyType = 2;
			remoteGlobalIDString = 6B2DF877210E2C12004D2D40;
			remoteInfo = Tests;
		};
		E43F2D84213D1F3700B73BF1 /* PBXContainerItemProxy */ = {
			isa = PBXContainerItemProxy;
			containerPortal = E43F2D74213D1ECD00B73BF1 /* DifferenceKit.xcodeproj */;
			proxyType = 1;
			remoteGlobalIDString = 6B2DF86D210E2C12004D2D40;
			remoteInfo = DifferenceKit;
		};
/* End PBXContainerItemProxy section */

/* Begin PBXCopyFilesBuildPhase section */
		E41F6D2A213D38B800F19258 /* Embed App Extensions */ = {
			isa = PBXCopyFilesBuildPhase;
			buildActionMask = 2147483647;
			dstPath = "";
			dstSubfolderSpec = 13;
			files = (
				E41F6D13213D38B000F19258 /* WatchApp Extension.appex in Embed App Extensions */,
			);
			name = "Embed App Extensions";
			runOnlyForDeploymentPostprocessing = 0;
		};
		E41F6D2C213D38B800F19258 /* Embed Watch Content */ = {
			isa = PBXCopyFilesBuildPhase;
			buildActionMask = 2147483647;
			dstPath = "$(CONTENTS_FOLDER_PATH)/Watch";
			dstSubfolderSpec = 16;
			files = (
				E41F6D23213D38B100F19258 /* WatchApp.app in Embed Watch Content */,
			);
			name = "Embed Watch Content";
			runOnlyForDeploymentPostprocessing = 0;
		};
		E43F2D86213D1F3700B73BF1 /* Embed Frameworks */ = {
			isa = PBXCopyFilesBuildPhase;
			buildActionMask = 2147483647;
			dstPath = "";
			dstSubfolderSpec = 10;
			files = (
				E43F2D83213D1F3700B73BF1 /* DifferenceKit.framework in Embed Frameworks */,
			);
			name = "Embed Frameworks";
			runOnlyForDeploymentPostprocessing = 0;
		};
/* End PBXCopyFilesBuildPhase section */

/* Begin PBXFileReference section */
		E41F6D06213D38B000F19258 /* WatchApp.app */ = {isa = PBXFileReference; explicitFileType = wrapper.application; includeInIndex = 0; path = WatchApp.app; sourceTree = BUILT_PRODUCTS_DIR; };
		E41F6D09213D38B000F19258 /* Base */ = {isa = PBXFileReference; lastKnownFileType = file.storyboard; name = Base; path = Base.lproj/Interface.storyboard; sourceTree = "<group>"; };
		E41F6D0B213D38B000F19258 /* Assets.xcassets */ = {isa = PBXFileReference; lastKnownFileType = folder.assetcatalog; path = Assets.xcassets; sourceTree = "<group>"; };
		E41F6D0D213D38B000F19258 /* Info.plist */ = {isa = PBXFileReference; lastKnownFileType = text.plist.xml; path = Info.plist; sourceTree = "<group>"; };
		E41F6D12213D38B000F19258 /* WatchApp Extension.appex */ = {isa = PBXFileReference; explicitFileType = "wrapper.app-extension"; includeInIndex = 0; path = "WatchApp Extension.appex"; sourceTree = BUILT_PRODUCTS_DIR; };
		E41F6D17213D38B100F19258 /* InterfaceController.swift */ = {isa = PBXFileReference; lastKnownFileType = sourcecode.swift; path = InterfaceController.swift; sourceTree = "<group>"; };
		E41F6D19213D38B100F19258 /* ExtensionDelegate.swift */ = {isa = PBXFileReference; lastKnownFileType = sourcecode.swift; path = ExtensionDelegate.swift; sourceTree = "<group>"; };
		E41F6D1B213D38B100F19258 /* NotificationController.swift */ = {isa = PBXFileReference; lastKnownFileType = sourcecode.swift; path = NotificationController.swift; sourceTree = "<group>"; };
		E41F6D1D213D38B100F19258 /* Assets.xcassets */ = {isa = PBXFileReference; lastKnownFileType = folder.assetcatalog; path = Assets.xcassets; sourceTree = "<group>"; };
		E41F6D1F213D38B100F19258 /* Info.plist */ = {isa = PBXFileReference; lastKnownFileType = text.plist.xml; path = Info.plist; sourceTree = "<group>"; };
		E41F6D20213D38B100F19258 /* PushNotificationPayload.apns */ = {isa = PBXFileReference; lastKnownFileType = text; path = PushNotificationPayload.apns; sourceTree = "<group>"; };
		E43F2D43213D1E7400B73BF1 /* DifferenceKitArchive.app */ = {isa = PBXFileReference; explicitFileType = wrapper.application; includeInIndex = 0; path = DifferenceKitArchive.app; sourceTree = BUILT_PRODUCTS_DIR; };
		E43F2D46213D1E7400B73BF1 /* AppDelegate.swift */ = {isa = PBXFileReference; lastKnownFileType = sourcecode.swift; path = AppDelegate.swift; sourceTree = "<group>"; };
		E43F2D48213D1E7400B73BF1 /* ViewController.swift */ = {isa = PBXFileReference; lastKnownFileType = sourcecode.swift; path = ViewController.swift; sourceTree = "<group>"; };
		E43F2D4B213D1E7400B73BF1 /* Base */ = {isa = PBXFileReference; lastKnownFileType = file.storyboard; name = Base; path = Base.lproj/Main.storyboard; sourceTree = "<group>"; };
		E43F2D4D213D1E7500B73BF1 /* Assets.xcassets */ = {isa = PBXFileReference; lastKnownFileType = folder.assetcatalog; path = Assets.xcassets; sourceTree = "<group>"; };
		E43F2D50213D1E7500B73BF1 /* Base */ = {isa = PBXFileReference; lastKnownFileType = file.storyboard; name = Base; path = Base.lproj/LaunchScreen.storyboard; sourceTree = "<group>"; };
		E43F2D52213D1E7500B73BF1 /* Info.plist */ = {isa = PBXFileReference; lastKnownFileType = text.plist.xml; path = Info.plist; sourceTree = "<group>"; };
		E43F2D57213D1E7500B73BF1 /* DifferenceKitArchiveTests.xctest */ = {isa = PBXFileReference; explicitFileType = wrapper.cfbundle; includeInIndex = 0; path = DifferenceKitArchiveTests.xctest; sourceTree = BUILT_PRODUCTS_DIR; };
		E43F2D5B213D1E7500B73BF1 /* DifferenceKitArchiveTests.swift */ = {isa = PBXFileReference; lastKnownFileType = sourcecode.swift; path = DifferenceKitArchiveTests.swift; sourceTree = "<group>"; };
		E43F2D5D213D1E7500B73BF1 /* Info.plist */ = {isa = PBXFileReference; lastKnownFileType = text.plist.xml; path = Info.plist; sourceTree = "<group>"; };
		E43F2D62213D1E7500B73BF1 /* DifferenceKitArchiveUITests.xctest */ = {isa = PBXFileReference; explicitFileType = wrapper.cfbundle; includeInIndex = 0; path = DifferenceKitArchiveUITests.xctest; sourceTree = BUILT_PRODUCTS_DIR; };
		E43F2D66213D1E7500B73BF1 /* DifferenceKitArchiveUITests.swift */ = {isa = PBXFileReference; lastKnownFileType = sourcecode.swift; path = DifferenceKitArchiveUITests.swift; sourceTree = "<group>"; };
		E43F2D68213D1E7500B73BF1 /* Info.plist */ = {isa = PBXFileReference; lastKnownFileType = text.plist.xml; path = Info.plist; sourceTree = "<group>"; };
		E43F2D74213D1ECD00B73BF1 /* DifferenceKit.xcodeproj */ = {isa = PBXFileReference; lastKnownFileType = "wrapper.pb-project"; name = DifferenceKit.xcodeproj; path = ext/DifferenceKit/DifferenceKit.xcodeproj; sourceTree = "<group>"; };
/* End PBXFileReference section */

/* Begin PBXFrameworksBuildPhase section */
		E41F6D0F213D38B000F19258 /* Frameworks */ = {
			isa = PBXFrameworksBuildPhase;
			buildActionMask = 2147483647;
			files = (
			);
			runOnlyForDeploymentPostprocessing = 0;
		};
		E43F2D40213D1E7400B73BF1 /* Frameworks */ = {
			isa = PBXFrameworksBuildPhase;
			buildActionMask = 2147483647;
			files = (
				E43F2D82213D1F3700B73BF1 /* DifferenceKit.framework in Frameworks */,
				E43F2D81213D1F0B00B73BF1 /* DifferenceKit.framework in Frameworks */,
			);
			runOnlyForDeploymentPostprocessing = 0;
		};
		E43F2D54213D1E7500B73BF1 /* Frameworks */ = {
			isa = PBXFrameworksBuildPhase;
			buildActionMask = 2147483647;
			files = (
			);
			runOnlyForDeploymentPostprocessing = 0;
		};
		E43F2D5F213D1E7500B73BF1 /* Frameworks */ = {
			isa = PBXFrameworksBuildPhase;
			buildActionMask = 2147483647;
			files = (
			);
			runOnlyForDeploymentPostprocessing = 0;
		};
/* End PBXFrameworksBuildPhase section */

/* Begin PBXGroup section */
		E41F6D07213D38B000F19258 /* WatchApp */ = {
			isa = PBXGroup;
			children = (
				E41F6D08213D38B000F19258 /* Interface.storyboard */,
				E41F6D0B213D38B000F19258 /* Assets.xcassets */,
				E41F6D0D213D38B000F19258 /* Info.plist */,
			);
			path = WatchApp;
			sourceTree = "<group>";
		};
		E41F6D16213D38B100F19258 /* WatchApp Extension */ = {
			isa = PBXGroup;
			children = (
				E41F6D17213D38B100F19258 /* InterfaceController.swift */,
				E41F6D19213D38B100F19258 /* ExtensionDelegate.swift */,
				E41F6D1B213D38B100F19258 /* NotificationController.swift */,
				E41F6D1D213D38B100F19258 /* Assets.xcassets */,
				E41F6D1F213D38B100F19258 /* Info.plist */,
				E41F6D20213D38B100F19258 /* PushNotificationPayload.apns */,
			);
			path = "WatchApp Extension";
			sourceTree = "<group>";
		};
		E43F2D3A213D1E7400B73BF1 = {
			isa = PBXGroup;
			children = (
				E43F2D45213D1E7400B73BF1 /* DifferenceKitArchive */,
				E43F2D74213D1ECD00B73BF1 /* DifferenceKit.xcodeproj */,
				E43F2D5A213D1E7500B73BF1 /* DifferenceKitArchiveTests */,
				E43F2D65213D1E7500B73BF1 /* DifferenceKitArchiveUITests */,
				E41F6D07213D38B000F19258 /* WatchApp */,
				E41F6D16213D38B100F19258 /* WatchApp Extension */,
				E43F2D44213D1E7400B73BF1 /* Products */,
				E43F2D7E213D1F0B00B73BF1 /* Frameworks */,
			);
			sourceTree = "<group>";
		};
		E43F2D44213D1E7400B73BF1 /* Products */ = {
			isa = PBXGroup;
			children = (
				E43F2D43213D1E7400B73BF1 /* DifferenceKitArchive.app */,
				E43F2D57213D1E7500B73BF1 /* DifferenceKitArchiveTests.xctest */,
				E43F2D62213D1E7500B73BF1 /* DifferenceKitArchiveUITests.xctest */,
				E41F6D06213D38B000F19258 /* WatchApp.app */,
				E41F6D12213D38B000F19258 /* WatchApp Extension.appex */,
			);
			name = Products;
			sourceTree = "<group>";
		};
		E43F2D45213D1E7400B73BF1 /* DifferenceKitArchive */ = {
			isa = PBXGroup;
			children = (
				E43F2D46213D1E7400B73BF1 /* AppDelegate.swift */,
				E43F2D48213D1E7400B73BF1 /* ViewController.swift */,
				E43F2D4A213D1E7400B73BF1 /* Main.storyboard */,
				E43F2D4D213D1E7500B73BF1 /* Assets.xcassets */,
				E43F2D4F213D1E7500B73BF1 /* LaunchScreen.storyboard */,
				E43F2D52213D1E7500B73BF1 /* Info.plist */,
			);
			path = DifferenceKitArchive;
			sourceTree = "<group>";
		};
		E43F2D5A213D1E7500B73BF1 /* DifferenceKitArchiveTests */ = {
			isa = PBXGroup;
			children = (
				E43F2D5B213D1E7500B73BF1 /* DifferenceKitArchiveTests.swift */,
				E43F2D5D213D1E7500B73BF1 /* Info.plist */,
			);
			path = DifferenceKitArchiveTests;
			sourceTree = "<group>";
		};
		E43F2D65213D1E7500B73BF1 /* DifferenceKitArchiveUITests */ = {
			isa = PBXGroup;
			children = (
				E43F2D66213D1E7500B73BF1 /* DifferenceKitArchiveUITests.swift */,
				E43F2D68213D1E7500B73BF1 /* Info.plist */,
			);
			path = DifferenceKitArchiveUITests;
			sourceTree = "<group>";
		};
		E43F2D75213D1ECD00B73BF1 /* Products */ = {
			isa = PBXGroup;
			children = (
				E43F2D7A213D1ECD00B73BF1 /* DifferenceKit.framework */,
				E43F2D7C213D1ECD00B73BF1 /* Tests.xctest */,
			);
			name = Products;
			sourceTree = "<group>";
		};
		E43F2D7E213D1F0B00B73BF1 /* Frameworks */ = {
			isa = PBXGroup;
			children = (
			);
			name = Frameworks;
			sourceTree = "<group>";
		};
/* End PBXGroup section */

/* Begin PBXNativeTarget section */
		E41F6D05213D38AF00F19258 /* WatchApp */ = {
			isa = PBXNativeTarget;
			buildConfigurationList = E41F6D2B213D38B800F19258 /* Build configuration list for PBXNativeTarget "WatchApp" */;
			buildPhases = (
				E41F6D04213D38AF00F19258 /* Resources */,
				E41F6D2A213D38B800F19258 /* Embed App Extensions */,
			);
			buildRules = (
			);
			dependencies = (
				E41F6D15213D38B000F19258 /* PBXTargetDependency */,
			);
			name = WatchApp;
			productName = WatchApp;
			productReference = E41F6D06213D38B000F19258 /* WatchApp.app */;
			productType = "com.apple.product-type.application.watchapp2";
		};
		E41F6D11213D38B000F19258 /* WatchApp Extension */ = {
			isa = PBXNativeTarget;
			buildConfigurationList = E41F6D29213D38B800F19258 /* Build configuration list for PBXNativeTarget "WatchApp Extension" */;
			buildPhases = (
				E41F6D0E213D38B000F19258 /* Sources */,
				E41F6D0F213D38B000F19258 /* Frameworks */,
				E41F6D10213D38B000F19258 /* Resources */,
			);
			buildRules = (
			);
			dependencies = (
			);
			name = "WatchApp Extension";
			productName = "WatchApp Extension";
			productReference = E41F6D12213D38B000F19258 /* WatchApp Extension.appex */;
			productType = "com.apple.product-type.watchkit2-extension";
		};
		E43F2D42213D1E7400B73BF1 /* DifferenceKitArchive */ = {
			isa = PBXNativeTarget;
			buildConfigurationList = E43F2D6B213D1E7500B73BF1 /* Build configuration list for PBXNativeTarget "DifferenceKitArchive" */;
			buildPhases = (
				E43F2D3F213D1E7400B73BF1 /* Sources */,
				E43F2D40213D1E7400B73BF1 /* Frameworks */,
				E43F2D41213D1E7400B73BF1 /* Resources */,
				E43F2D86213D1F3700B73BF1 /* Embed Frameworks */,
				E41F6D2C213D38B800F19258 /* Embed Watch Content */,
			);
			buildRules = (
			);
			dependencies = (
				E43F2D85213D1F3700B73BF1 /* PBXTargetDependency */,
				E41F6D22213D38B100F19258 /* PBXTargetDependency */,
			);
			name = DifferenceKitArchive;
			productName = DifferenceKitArchive;
			productReference = E43F2D43213D1E7400B73BF1 /* DifferenceKitArchive.app */;
			productType = "com.apple.product-type.application";
		};
		E43F2D56213D1E7500B73BF1 /* DifferenceKitArchiveTests */ = {
			isa = PBXNativeTarget;
			buildConfigurationList = E43F2D6E213D1E7500B73BF1 /* Build configuration list for PBXNativeTarget "DifferenceKitArchiveTests" */;
			buildPhases = (
				E43F2D53213D1E7500B73BF1 /* Sources */,
				E43F2D54213D1E7500B73BF1 /* Frameworks */,
				E43F2D55213D1E7500B73BF1 /* Resources */,
			);
			buildRules = (
			);
			dependencies = (
				E43F2D59213D1E7500B73BF1 /* PBXTargetDependency */,
			);
			name = DifferenceKitArchiveTests;
			productName = DifferenceKitArchiveTests;
			productReference = E43F2D57213D1E7500B73BF1 /* DifferenceKitArchiveTests.xctest */;
			productType = "com.apple.product-type.bundle.unit-test";
		};
		E43F2D61213D1E7500B73BF1 /* DifferenceKitArchiveUITests */ = {
			isa = PBXNativeTarget;
			buildConfigurationList = E43F2D71213D1E7500B73BF1 /* Build configuration list for PBXNativeTarget "DifferenceKitArchiveUITests" */;
			buildPhases = (
				E43F2D5E213D1E7500B73BF1 /* Sources */,
				E43F2D5F213D1E7500B73BF1 /* Frameworks */,
				E43F2D60213D1E7500B73BF1 /* Resources */,
			);
			buildRules = (
			);
			dependencies = (
				E43F2D64213D1E7500B73BF1 /* PBXTargetDependency */,
			);
			name = DifferenceKitArchiveUITests;
			productName = DifferenceKitArchiveUITests;
			productReference = E43F2D62213D1E7500B73BF1 /* DifferenceKitArchiveUITests.xctest */;
			productType = "com.apple.product-type.bundle.ui-testing";
		};
/* End PBXNativeTarget section */

/* Begin PBXProject section */
		E43F2D3B213D1E7400B73BF1 /* Project object */ = {
			isa = PBXProject;
			attributes = {
				LastSwiftUpdateCheck = 1000;
				LastUpgradeCheck = 1000;
				ORGANIZATIONNAME = Appossum;
				TargetAttributes = {
					E41F6D05213D38AF00F19258 = {
						CreatedOnToolsVersion = 10.0;
					};
					E41F6D11213D38B000F19258 = {
						CreatedOnToolsVersion = 10.0;
					};
					E43F2D42213D1E7400B73BF1 = {
						CreatedOnToolsVersion = 10.0;
					};
					E43F2D56213D1E7500B73BF1 = {
						CreatedOnToolsVersion = 10.0;
						TestTargetID = E43F2D42213D1E7400B73BF1;
					};
					E43F2D61213D1E7500B73BF1 = {
						CreatedOnToolsVersion = 10.0;
						TestTargetID = E43F2D42213D1E7400B73BF1;
					};
				};
			};
			buildConfigurationList = E43F2D3E213D1E7400B73BF1 /* Build configuration list for PBXProject "DifferenceKitArchive" */;
			compatibilityVersion = "Xcode 9.3";
			developmentRegion = en;
			hasScannedForEncodings = 0;
			knownRegions = (
				en,
				Base,
			);
			mainGroup = E43F2D3A213D1E7400B73BF1;
			productRefGroup = E43F2D44213D1E7400B73BF1 /* Products */;
			projectDirPath = "";
			projectReferences = (
				{
					ProductGroup = E43F2D75213D1ECD00B73BF1 /* Products */;
					ProjectRef = E43F2D74213D1ECD00B73BF1 /* DifferenceKit.xcodeproj */;
				},
			);
			projectRoot = "";
			targets = (
				E43F2D42213D1E7400B73BF1 /* DifferenceKitArchive */,
				E43F2D56213D1E7500B73BF1 /* DifferenceKitArchiveTests */,
				E43F2D61213D1E7500B73BF1 /* DifferenceKitArchiveUITests */,
				E41F6D05213D38AF00F19258 /* WatchApp */,
				E41F6D11213D38B000F19258 /* WatchApp Extension */,
			);
		};
/* End PBXProject section */

/* Begin PBXReferenceProxy section */
		E43F2D7A213D1ECD00B73BF1 /* DifferenceKit.framework */ = {
			isa = PBXReferenceProxy;
			fileType = wrapper.framework;
			path = DifferenceKit.framework;
			remoteRef = E43F2D79213D1ECD00B73BF1 /* PBXContainerItemProxy */;
			sourceTree = BUILT_PRODUCTS_DIR;
		};
		E43F2D7C213D1ECD00B73BF1 /* Tests.xctest */ = {
			isa = PBXReferenceProxy;
			fileType = wrapper.cfbundle;
			path = Tests.xctest;
			remoteRef = E43F2D7B213D1ECD00B73BF1 /* PBXContainerItemProxy */;
			sourceTree = BUILT_PRODUCTS_DIR;
		};
/* End PBXReferenceProxy section */

/* Begin PBXResourcesBuildPhase section */
		E41F6D04213D38AF00F19258 /* Resources */ = {
			isa = PBXResourcesBuildPhase;
			buildActionMask = 2147483647;
			files = (
				E41F6D0C213D38B000F19258 /* Assets.xcassets in Resources */,
				E41F6D0A213D38B000F19258 /* Interface.storyboard in Resources */,
			);
			runOnlyForDeploymentPostprocessing = 0;
		};
		E41F6D10213D38B000F19258 /* Resources */ = {
			isa = PBXResourcesBuildPhase;
			buildActionMask = 2147483647;
			files = (
				E41F6D1E213D38B100F19258 /* Assets.xcassets in Resources */,
			);
			runOnlyForDeploymentPostprocessing = 0;
		};
		E43F2D41213D1E7400B73BF1 /* Resources */ = {
			isa = PBXResourcesBuildPhase;
			buildActionMask = 2147483647;
			files = (
				E43F2D51213D1E7500B73BF1 /* LaunchScreen.storyboard in Resources */,
				E43F2D4E213D1E7500B73BF1 /* Assets.xcassets in Resources */,
				E43F2D4C213D1E7400B73BF1 /* Main.storyboard in Resources */,
			);
			runOnlyForDeploymentPostprocessing = 0;
		};
		E43F2D55213D1E7500B73BF1 /* Resources */ = {
			isa = PBXResourcesBuildPhase;
			buildActionMask = 2147483647;
			files = (
			);
			runOnlyForDeploymentPostprocessing = 0;
		};
		E43F2D60213D1E7500B73BF1 /* Resources */ = {
			isa = PBXResourcesBuildPhase;
			buildActionMask = 2147483647;
			files = (
			);
			runOnlyForDeploymentPostprocessing = 0;
		};
/* End PBXResourcesBuildPhase section */

/* Begin PBXSourcesBuildPhase section */
		E41F6D0E213D38B000F19258 /* Sources */ = {
			isa = PBXSourcesBuildPhase;
			buildActionMask = 2147483647;
			files = (
				E41F6D1C213D38B100F19258 /* NotificationController.swift in Sources */,
				E41F6D1A213D38B100F19258 /* ExtensionDelegate.swift in Sources */,
				E41F6D18213D38B100F19258 /* InterfaceController.swift in Sources */,
			);
			runOnlyForDeploymentPostprocessing = 0;
		};
		E43F2D3F213D1E7400B73BF1 /* Sources */ = {
			isa = PBXSourcesBuildPhase;
			buildActionMask = 2147483647;
			files = (
				E43F2D49213D1E7400B73BF1 /* ViewController.swift in Sources */,
				E43F2D47213D1E7400B73BF1 /* AppDelegate.swift in Sources */,
			);
			runOnlyForDeploymentPostprocessing = 0;
		};
		E43F2D53213D1E7500B73BF1 /* Sources */ = {
			isa = PBXSourcesBuildPhase;
			buildActionMask = 2147483647;
			files = (
				E43F2D5C213D1E7500B73BF1 /* DifferenceKitArchiveTests.swift in Sources */,
			);
			runOnlyForDeploymentPostprocessing = 0;
		};
		E43F2D5E213D1E7500B73BF1 /* Sources */ = {
			isa = PBXSourcesBuildPhase;
			buildActionMask = 2147483647;
			files = (
				E43F2D67213D1E7500B73BF1 /* DifferenceKitArchiveUITests.swift in Sources */,
			);
			runOnlyForDeploymentPostprocessing = 0;
		};
/* End PBXSourcesBuildPhase section */

/* Begin PBXTargetDependency section */
		E41F6D15213D38B000F19258 /* PBXTargetDependency */ = {
			isa = PBXTargetDependency;
			target = E41F6D11213D38B000F19258 /* WatchApp Extension */;
			targetProxy = E41F6D14213D38B000F19258 /* PBXContainerItemProxy */;
		};
		E41F6D22213D38B100F19258 /* PBXTargetDependency */ = {
			isa = PBXTargetDependency;
			target = E41F6D05213D38AF00F19258 /* WatchApp */;
			targetProxy = E41F6D21213D38B100F19258 /* PBXContainerItemProxy */;
		};
		E43F2D59213D1E7500B73BF1 /* PBXTargetDependency */ = {
			isa = PBXTargetDependency;
			target = E43F2D42213D1E7400B73BF1 /* DifferenceKitArchive */;
			targetProxy = E43F2D58213D1E7500B73BF1 /* PBXContainerItemProxy */;
		};
		E43F2D64213D1E7500B73BF1 /* PBXTargetDependency */ = {
			isa = PBXTargetDependency;
			target = E43F2D42213D1E7400B73BF1 /* DifferenceKitArchive */;
			targetProxy = E43F2D63213D1E7500B73BF1 /* PBXContainerItemProxy */;
		};
		E43F2D85213D1F3700B73BF1 /* PBXTargetDependency */ = {
			isa = PBXTargetDependency;
			name = DifferenceKit;
			targetProxy = E43F2D84213D1F3700B73BF1 /* PBXContainerItemProxy */;
		};
/* End PBXTargetDependency section */

/* Begin PBXVariantGroup section */
		E41F6D08213D38B000F19258 /* Interface.storyboard */ = {
			isa = PBXVariantGroup;
			children = (
				E41F6D09213D38B000F19258 /* Base */,
			);
			name = Interface.storyboard;
			sourceTree = "<group>";
		};
		E43F2D4A213D1E7400B73BF1 /* Main.storyboard */ = {
			isa = PBXVariantGroup;
			children = (
				E43F2D4B213D1E7400B73BF1 /* Base */,
			);
			name = Main.storyboard;
			sourceTree = "<group>";
		};
		E43F2D4F213D1E7500B73BF1 /* LaunchScreen.storyboard */ = {
			isa = PBXVariantGroup;
			children = (
				E43F2D50213D1E7500B73BF1 /* Base */,
			);
			name = LaunchScreen.storyboard;
			sourceTree = "<group>";
		};
/* End PBXVariantGroup section */

/* Begin XCBuildConfiguration section */
		E41F6D24213D38B200F19258 /* Debug */ = {
			isa = XCBuildConfiguration;
			buildSettings = {
				ALWAYS_EMBED_SWIFT_STANDARD_LIBRARIES = YES;
				ASSETCATALOG_COMPILER_APPICON_NAME = AppIcon;
				CODE_SIGN_STYLE = Automatic;
				DEVELOPMENT_TEAM = AX2JCJ3YW2;
				IBSC_MODULE = WatchApp_Extension;
				INFOPLIST_FILE = WatchApp/Info.plist;
				PRODUCT_BUNDLE_IDENTIFIER = de.appossum.DifferenceKitArchive.watchkitapp;
				PRODUCT_NAME = "$(TARGET_NAME)";
				SDKROOT = watchos;
				SKIP_INSTALL = YES;
				SWIFT_VERSION = 4.2;
				TARGETED_DEVICE_FAMILY = 4;
				WATCHOS_DEPLOYMENT_TARGET = 5.0;
			};
			name = Debug;
		};
		E41F6D25213D38B200F19258 /* Release */ = {
			isa = XCBuildConfiguration;
			buildSettings = {
				ALWAYS_EMBED_SWIFT_STANDARD_LIBRARIES = YES;
				ASSETCATALOG_COMPILER_APPICON_NAME = AppIcon;
				CODE_SIGN_STYLE = Automatic;
				DEVELOPMENT_TEAM = AX2JCJ3YW2;
				IBSC_MODULE = WatchApp_Extension;
				INFOPLIST_FILE = WatchApp/Info.plist;
				PRODUCT_BUNDLE_IDENTIFIER = de.appossum.DifferenceKitArchive.watchkitapp;
				PRODUCT_NAME = "$(TARGET_NAME)";
				SDKROOT = watchos;
				SKIP_INSTALL = YES;
				SWIFT_VERSION = 4.2;
				TARGETED_DEVICE_FAMILY = 4;
				WATCHOS_DEPLOYMENT_TARGET = 5.0;
			};
			name = Release;
		};
		E41F6D26213D38B200F19258 /* Debug */ = {
			isa = XCBuildConfiguration;
			buildSettings = {
				ASSETCATALOG_COMPILER_COMPLICATION_NAME = Complication;
				CODE_SIGN_STYLE = Automatic;
				DEVELOPMENT_TEAM = AX2JCJ3YW2;
				INFOPLIST_FILE = "WatchApp Extension/Info.plist";
				LD_RUNPATH_SEARCH_PATHS = (
					"$(inherited)",
					"@executable_path/Frameworks",
					"@executable_path/../../Frameworks",
				);
				PRODUCT_BUNDLE_IDENTIFIER = de.appossum.DifferenceKitArchive.watchkitapp.watchkitextension;
				PRODUCT_NAME = "${TARGET_NAME}";
				SDKROOT = watchos;
				SKIP_INSTALL = YES;
				SWIFT_VERSION = 4.2;
				TARGETED_DEVICE_FAMILY = 4;
				WATCHOS_DEPLOYMENT_TARGET = 5.0;
			};
			name = Debug;
		};
		E41F6D27213D38B200F19258 /* Release */ = {
			isa = XCBuildConfiguration;
			buildSettings = {
				ASSETCATALOG_COMPILER_COMPLICATION_NAME = Complication;
				CODE_SIGN_STYLE = Automatic;
				DEVELOPMENT_TEAM = AX2JCJ3YW2;
				INFOPLIST_FILE = "WatchApp Extension/Info.plist";
				LD_RUNPATH_SEARCH_PATHS = (
					"$(inherited)",
					"@executable_path/Frameworks",
					"@executable_path/../../Frameworks",
				);
				PRODUCT_BUNDLE_IDENTIFIER = de.appossum.DifferenceKitArchive.watchkitapp.watchkitextension;
				PRODUCT_NAME = "${TARGET_NAME}";
				SDKROOT = watchos;
				SKIP_INSTALL = YES;
				SWIFT_VERSION = 4.2;
				TARGETED_DEVICE_FAMILY = 4;
				WATCHOS_DEPLOYMENT_TARGET = 5.0;
			};
			name = Release;
		};
		E43F2D69213D1E7500B73BF1 /* Debug */ = {
			isa = XCBuildConfiguration;
			buildSettings = {
				ALWAYS_SEARCH_USER_PATHS = NO;
				CLANG_ANALYZER_NONNULL = YES;
				CLANG_ANALYZER_NUMBER_OBJECT_CONVERSION = YES_AGGRESSIVE;
				CLANG_CXX_LANGUAGE_STANDARD = "gnu++14";
				CLANG_CXX_LIBRARY = "libc++";
				CLANG_ENABLE_MODULES = YES;
				CLANG_ENABLE_OBJC_ARC = YES;
				CLANG_ENABLE_OBJC_WEAK = YES;
				CLANG_WARN_BLOCK_CAPTURE_AUTORELEASING = YES;
				CLANG_WARN_BOOL_CONVERSION = YES;
				CLANG_WARN_COMMA = YES;
				CLANG_WARN_CONSTANT_CONVERSION = YES;
				CLANG_WARN_DEPRECATED_OBJC_IMPLEMENTATIONS = YES;
				CLANG_WARN_DIRECT_OBJC_ISA_USAGE = YES_ERROR;
				CLANG_WARN_DOCUMENTATION_COMMENTS = YES;
				CLANG_WARN_EMPTY_BODY = YES;
				CLANG_WARN_ENUM_CONVERSION = YES;
				CLANG_WARN_INFINITE_RECURSION = YES;
				CLANG_WARN_INT_CONVERSION = YES;
				CLANG_WARN_NON_LITERAL_NULL_CONVERSION = YES;
				CLANG_WARN_OBJC_IMPLICIT_RETAIN_SELF = YES;
				CLANG_WARN_OBJC_LITERAL_CONVERSION = YES;
				CLANG_WARN_OBJC_ROOT_CLASS = YES_ERROR;
				CLANG_WARN_RANGE_LOOP_ANALYSIS = YES;
				CLANG_WARN_STRICT_PROTOTYPES = YES;
				CLANG_WARN_SUSPICIOUS_MOVE = YES;
				CLANG_WARN_UNGUARDED_AVAILABILITY = YES_AGGRESSIVE;
				CLANG_WARN_UNREACHABLE_CODE = YES;
				CLANG_WARN__DUPLICATE_METHOD_MATCH = YES;
				CODE_SIGN_IDENTITY = "iPhone Developer";
				COPY_PHASE_STRIP = NO;
				DEBUG_INFORMATION_FORMAT = dwarf;
				ENABLE_STRICT_OBJC_MSGSEND = YES;
				ENABLE_TESTABILITY = YES;
				GCC_C_LANGUAGE_STANDARD = gnu11;
				GCC_DYNAMIC_NO_PIC = NO;
				GCC_NO_COMMON_BLOCKS = YES;
				GCC_OPTIMIZATION_LEVEL = 0;
				GCC_PREPROCESSOR_DEFINITIONS = (
					"DEBUG=1",
					"$(inherited)",
				);
				GCC_WARN_64_TO_32_BIT_CONVERSION = YES;
				GCC_WARN_ABOUT_RETURN_TYPE = YES_ERROR;
				GCC_WARN_UNDECLARED_SELECTOR = YES;
				GCC_WARN_UNINITIALIZED_AUTOS = YES_AGGRESSIVE;
				GCC_WARN_UNUSED_FUNCTION = YES;
				GCC_WARN_UNUSED_VARIABLE = YES;
				IPHONEOS_DEPLOYMENT_TARGET = 12.0;
				MTL_ENABLE_DEBUG_INFO = INCLUDE_SOURCE;
				MTL_FAST_MATH = YES;
				ONLY_ACTIVE_ARCH = YES;
				SDKROOT = iphoneos;
				SWIFT_ACTIVE_COMPILATION_CONDITIONS = DEBUG;
				SWIFT_OPTIMIZATION_LEVEL = "-Onone";
			};
			name = Debug;
		};
		E43F2D6A213D1E7500B73BF1 /* Release */ = {
			isa = XCBuildConfiguration;
			buildSettings = {
				ALWAYS_SEARCH_USER_PATHS = NO;
				CLANG_ANALYZER_NONNULL = YES;
				CLANG_ANALYZER_NUMBER_OBJECT_CONVERSION = YES_AGGRESSIVE;
				CLANG_CXX_LANGUAGE_STANDARD = "gnu++14";
				CLANG_CXX_LIBRARY = "libc++";
				CLANG_ENABLE_MODULES = YES;
				CLANG_ENABLE_OBJC_ARC = YES;
				CLANG_ENABLE_OBJC_WEAK = YES;
				CLANG_WARN_BLOCK_CAPTURE_AUTORELEASING = YES;
				CLANG_WARN_BOOL_CONVERSION = YES;
				CLANG_WARN_COMMA = YES;
				CLANG_WARN_CONSTANT_CONVERSION = YES;
				CLANG_WARN_DEPRECATED_OBJC_IMPLEMENTATIONS = YES;
				CLANG_WARN_DIRECT_OBJC_ISA_USAGE = YES_ERROR;
				CLANG_WARN_DOCUMENTATION_COMMENTS = YES;
				CLANG_WARN_EMPTY_BODY = YES;
				CLANG_WARN_ENUM_CONVERSION = YES;
				CLANG_WARN_INFINITE_RECURSION = YES;
				CLANG_WARN_INT_CONVERSION = YES;
				CLANG_WARN_NON_LITERAL_NULL_CONVERSION = YES;
				CLANG_WARN_OBJC_IMPLICIT_RETAIN_SELF = YES;
				CLANG_WARN_OBJC_LITERAL_CONVERSION = YES;
				CLANG_WARN_OBJC_ROOT_CLASS = YES_ERROR;
				CLANG_WARN_RANGE_LOOP_ANALYSIS = YES;
				CLANG_WARN_STRICT_PROTOTYPES = YES;
				CLANG_WARN_SUSPICIOUS_MOVE = YES;
				CLANG_WARN_UNGUARDED_AVAILABILITY = YES_AGGRESSIVE;
				CLANG_WARN_UNREACHABLE_CODE = YES;
				CLANG_WARN__DUPLICATE_METHOD_MATCH = YES;
				CODE_SIGN_IDENTITY = "iPhone Developer";
				COPY_PHASE_STRIP = NO;
				DEBUG_INFORMATION_FORMAT = "dwarf-with-dsym";
				ENABLE_NS_ASSERTIONS = NO;
				ENABLE_STRICT_OBJC_MSGSEND = YES;
				GCC_C_LANGUAGE_STANDARD = gnu11;
				GCC_NO_COMMON_BLOCKS = YES;
				GCC_WARN_64_TO_32_BIT_CONVERSION = YES;
				GCC_WARN_ABOUT_RETURN_TYPE = YES_ERROR;
				GCC_WARN_UNDECLARED_SELECTOR = YES;
				GCC_WARN_UNINITIALIZED_AUTOS = YES_AGGRESSIVE;
				GCC_WARN_UNUSED_FUNCTION = YES;
				GCC_WARN_UNUSED_VARIABLE = YES;
				IPHONEOS_DEPLOYMENT_TARGET = 12.0;
				MTL_ENABLE_DEBUG_INFO = NO;
				MTL_FAST_MATH = YES;
				SDKROOT = iphoneos;
				SWIFT_COMPILATION_MODE = wholemodule;
				SWIFT_OPTIMIZATION_LEVEL = "-O";
				VALIDATE_PRODUCT = YES;
			};
			name = Release;
		};
		E43F2D6C213D1E7500B73BF1 /* Debug */ = {
			isa = XCBuildConfiguration;
			buildSettings = {
				ALWAYS_EMBED_SWIFT_STANDARD_LIBRARIES = YES;
				ASSETCATALOG_COMPILER_APPICON_NAME = AppIcon;
				CODE_SIGN_STYLE = Automatic;
				DEVELOPMENT_TEAM = AX2JCJ3YW2;
				INFOPLIST_FILE = DifferenceKitArchive/Info.plist;
				LD_RUNPATH_SEARCH_PATHS = (
					"$(inherited)",
					"@executable_path/Frameworks",
				);
				PRODUCT_BUNDLE_IDENTIFIER = de.appossum.DifferenceKitArchive;
				PRODUCT_NAME = "$(TARGET_NAME)";
				SWIFT_VERSION = 4.2;
				TARGETED_DEVICE_FAMILY = "1,2";
			};
			name = Debug;
		};
		E43F2D6D213D1E7500B73BF1 /* Release */ = {
			isa = XCBuildConfiguration;
			buildSettings = {
				ALWAYS_EMBED_SWIFT_STANDARD_LIBRARIES = YES;
				ASSETCATALOG_COMPILER_APPICON_NAME = AppIcon;
				CODE_SIGN_STYLE = Automatic;
				DEVELOPMENT_TEAM = AX2JCJ3YW2;
				INFOPLIST_FILE = DifferenceKitArchive/Info.plist;
				LD_RUNPATH_SEARCH_PATHS = (
					"$(inherited)",
					"@executable_path/Frameworks",
				);
				PRODUCT_BUNDLE_IDENTIFIER = de.appossum.DifferenceKitArchive;
				PRODUCT_NAME = "$(TARGET_NAME)";
				SWIFT_VERSION = 4.2;
				TARGETED_DEVICE_FAMILY = "1,2";
			};
			name = Release;
		};
		E43F2D6F213D1E7500B73BF1 /* Debug */ = {
			isa = XCBuildConfiguration;
			buildSettings = {
				ALWAYS_EMBED_SWIFT_STANDARD_LIBRARIES = YES;
				BUNDLE_LOADER = "$(TEST_HOST)";
				CODE_SIGN_STYLE = Automatic;
				INFOPLIST_FILE = DifferenceKitArchiveTests/Info.plist;
				LD_RUNPATH_SEARCH_PATHS = (
					"$(inherited)",
					"@executable_path/Frameworks",
					"@loader_path/Frameworks",
				);
				PRODUCT_BUNDLE_IDENTIFIER = de.appossum.DifferenceKitArchiveTests;
				PRODUCT_NAME = "$(TARGET_NAME)";
				SWIFT_VERSION = 4.2;
				TARGETED_DEVICE_FAMILY = "1,2";
				TEST_HOST = "$(BUILT_PRODUCTS_DIR)/DifferenceKitArchive.app/DifferenceKitArchive";
			};
			name = Debug;
		};
		E43F2D70213D1E7500B73BF1 /* Release */ = {
			isa = XCBuildConfiguration;
			buildSettings = {
				ALWAYS_EMBED_SWIFT_STANDARD_LIBRARIES = YES;
				BUNDLE_LOADER = "$(TEST_HOST)";
				CODE_SIGN_STYLE = Automatic;
				INFOPLIST_FILE = DifferenceKitArchiveTests/Info.plist;
				LD_RUNPATH_SEARCH_PATHS = (
					"$(inherited)",
					"@executable_path/Frameworks",
					"@loader_path/Frameworks",
				);
				PRODUCT_BUNDLE_IDENTIFIER = de.appossum.DifferenceKitArchiveTests;
				PRODUCT_NAME = "$(TARGET_NAME)";
				SWIFT_VERSION = 4.2;
				TARGETED_DEVICE_FAMILY = "1,2";
				TEST_HOST = "$(BUILT_PRODUCTS_DIR)/DifferenceKitArchive.app/DifferenceKitArchive";
			};
			name = Release;
		};
		E43F2D72213D1E7500B73BF1 /* Debug */ = {
			isa = XCBuildConfiguration;
			buildSettings = {
				ALWAYS_EMBED_SWIFT_STANDARD_LIBRARIES = YES;
				CODE_SIGN_STYLE = Automatic;
				INFOPLIST_FILE = DifferenceKitArchiveUITests/Info.plist;
				LD_RUNPATH_SEARCH_PATHS = (
					"$(inherited)",
					"@executable_path/Frameworks",
					"@loader_path/Frameworks",
				);
				PRODUCT_BUNDLE_IDENTIFIER = de.appossum.DifferenceKitArchiveUITests;
				PRODUCT_NAME = "$(TARGET_NAME)";
				SWIFT_VERSION = 4.2;
				TARGETED_DEVICE_FAMILY = "1,2";
				TEST_TARGET_NAME = DifferenceKitArchive;
			};
			name = Debug;
		};
		E43F2D73213D1E7500B73BF1 /* Release */ = {
			isa = XCBuildConfiguration;
			buildSettings = {
				ALWAYS_EMBED_SWIFT_STANDARD_LIBRARIES = YES;
				CODE_SIGN_STYLE = Automatic;
				INFOPLIST_FILE = DifferenceKitArchiveUITests/Info.plist;
				LD_RUNPATH_SEARCH_PATHS = (
					"$(inherited)",
					"@executable_path/Frameworks",
					"@loader_path/Frameworks",
				);
				PRODUCT_BUNDLE_IDENTIFIER = de.appossum.DifferenceKitArchiveUITests;
				PRODUCT_NAME = "$(TARGET_NAME)";
				SWIFT_VERSION = 4.2;
				TARGETED_DEVICE_FAMILY = "1,2";
				TEST_TARGET_NAME = DifferenceKitArchive;
			};
			name = Release;
		};
/* End XCBuildConfiguration section */

/* Begin XCConfigurationList section */
		E41F6D29213D38B800F19258 /* Build configuration list for PBXNativeTarget "WatchApp Extension" */ = {
			isa = XCConfigurationList;
			buildConfigurations = (
				E41F6D26213D38B200F19258 /* Debug */,
				E41F6D27213D38B200F19258 /* Release */,
			);
			defaultConfigurationIsVisible = 0;
			defaultConfigurationName = Release;
		};
		E41F6D2B213D38B800F19258 /* Build configuration list for PBXNativeTarget "WatchApp" */ = {
			isa = XCConfigurationList;
			buildConfigurations = (
				E41F6D24213D38B200F19258 /* Debug */,
				E41F6D25213D38B200F19258 /* Release */,
			);
			defaultConfigurationIsVisible = 0;
			defaultConfigurationName = Release;
		};
		E43F2D3E213D1E7400B73BF1 /* Build configuration list for PBXProject "DifferenceKitArchive" */ = {
			isa = XCConfigurationList;
			buildConfigurations = (
				E43F2D69213D1E7500B73BF1 /* Debug */,
				E43F2D6A213D1E7500B73BF1 /* Release */,
			);
			defaultConfigurationIsVisible = 0;
			defaultConfigurationName = Release;
		};
		E43F2D6B213D1E7500B73BF1 /* Build configuration list for PBXNativeTarget "DifferenceKitArchive" */ = {
			isa = XCConfigurationList;
			buildConfigurations = (
				E43F2D6C213D1E7500B73BF1 /* Debug */,
				E43F2D6D213D1E7500B73BF1 /* Release */,
			);
			defaultConfigurationIsVisible = 0;
			defaultConfigurationName = Release;
		};
		E43F2D6E213D1E7500B73BF1 /* Build configuration list for PBXNativeTarget "DifferenceKitArchiveTests" */ = {
			isa = XCConfigurationList;
			buildConfigurations = (
				E43F2D6F213D1E7500B73BF1 /* Debug */,
				E43F2D70213D1E7500B73BF1 /* Release */,
			);
			defaultConfigurationIsVisible = 0;
			defaultConfigurationName = Release;
		};
		E43F2D71213D1E7500B73BF1 /* Build configuration list for PBXNativeTarget "DifferenceKitArchiveUITests" */ = {
			isa = XCConfigurationList;
			buildConfigurations = (
				E43F2D72213D1E7500B73BF1 /* Debug */,
				E43F2D73213D1E7500B73BF1 /* Release */,
			);
			defaultConfigurationIsVisible = 0;
			defaultConfigurationName = Release;
		};
/* End XCConfigurationList section */
	};
	rootObject = E43F2D3B213D1E7400B73BF1 /* Project object */;
}
